// !$*UTF8*$!
{
	archiveVersion = 1;
	classes = {
	};
	objectVersion = 55;
	objects = {

/* Begin PBXBuildFile section */
		152FB7AD28588776004AF527 /* AppDelegate.swift in Sources */ = {isa = PBXBuildFile; fileRef = 152FB7AC28588776004AF527 /* AppDelegate.swift */; };
		152FB7AF28588776004AF527 /* SceneDelegate.swift in Sources */ = {isa = PBXBuildFile; fileRef = 152FB7AE28588776004AF527 /* SceneDelegate.swift */; };
		152FB7B128588776004AF527 /* ViewController.swift in Sources */ = {isa = PBXBuildFile; fileRef = 152FB7B028588776004AF527 /* ViewController.swift */; };
		152FB7B428588776004AF527 /* Main.storyboard in Resources */ = {isa = PBXBuildFile; fileRef = 152FB7B228588776004AF527 /* Main.storyboard */; };
		152FB7B62858877C004AF527 /* Assets.xcassets in Resources */ = {isa = PBXBuildFile; fileRef = 152FB7B52858877C004AF527 /* Assets.xcassets */; };
		152FB7B92858877C004AF527 /* LaunchScreen.storyboard in Resources */ = {isa = PBXBuildFile; fileRef = 152FB7B72858877C004AF527 /* LaunchScreen.storyboard */; };
		152FB7C1285888F3004AF527 /* 03 Yellae Lama.mp3 in Resources */ = {isa = PBXBuildFile; fileRef = 152FB7C0285888F2004AF527 /* 03 Yellae Lama.mp3 */; };
		15FB92922858922200C76258 /* 1-02 Vikram Title Track - MassTamilan.so.mp3 in Resources */ = {isa = PBXBuildFile; fileRef = 15FB92912858922200C76258 /* 1-02 Vikram Title Track - MassTamilan.so.mp3 */; };
/* End PBXBuildFile section */

/* Begin PBXFileReference section */
		152FB7A928588776004AF527 /* Mp3Player.app */ = {isa = PBXFileReference; explicitFileType = wrapper.application; includeInIndex = 0; path = Mp3Player.app; sourceTree = BUILT_PRODUCTS_DIR; };
		152FB7AC28588776004AF527 /* AppDelegate.swift */ = {isa = PBXFileReference; lastKnownFileType = sourcecode.swift; path = AppDelegate.swift; sourceTree = "<group>"; };
		152FB7AE28588776004AF527 /* SceneDelegate.swift */ = {isa = PBXFileReference; lastKnownFileType = sourcecode.swift; path = SceneDelegate.swift; sourceTree = "<group>"; };
		152FB7B028588776004AF527 /* ViewController.swift */ = {isa = PBXFileReference; lastKnownFileType = sourcecode.swift; path = ViewController.swift; sourceTree = "<group>"; };
		152FB7B328588776004AF527 /* Base */ = {isa = PBXFileReference; lastKnownFileType = file.storyboard; name = Base; path = Base.lproj/Main.storyboard; sourceTree = "<group>"; };
		152FB7B52858877C004AF527 /* Assets.xcassets */ = {isa = PBXFileReference; lastKnownFileType = folder.assetcatalog; path = Assets.xcassets; sourceTree = "<group>"; };
		152FB7B82858877C004AF527 /* Base */ = {isa = PBXFileReference; lastKnownFileType = file.storyboard; name = Base; path = Base.lproj/LaunchScreen.storyboard; sourceTree = "<group>"; };
		152FB7BA2858877C004AF527 /* Info.plist */ = {isa = PBXFileReference; lastKnownFileType = text.plist.xml; path = Info.plist; sourceTree = "<group>"; };
		152FB7C0285888F2004AF527 /* 03 Yellae Lama.mp3 */ = {isa = PBXFileReference; lastKnownFileType = audio.mp3; path = "03 Yellae Lama.mp3"; sourceTree = "<group>"; };
		15FB92912858922200C76258 /* 1-02 Vikram Title Track - MassTamilan.so.mp3 */ = {isa = PBXFileReference; lastKnownFileType = audio.mp3; path = "1-02 Vikram Title Track - MassTamilan.so.mp3"; sourceTree = "<group>"; };
/* End PBXFileReference section */

/* Begin PBXFrameworksBuildPhase section */
		152FB7A628588776004AF527 /* Frameworks */ = {
			isa = PBXFrameworksBuildPhase;
			buildActionMask = 2147483647;
			files = (
			);
			runOnlyForDeploymentPostprocessing = 0;
		};
/* End PBXFrameworksBuildPhase section */

/* Begin PBXGroup section */
		152FB7A028588776004AF527 = {
			isa = PBXGroup;
			children = (
				152FB7AB28588776004AF527 /* Mp3Player */,
				152FB7AA28588776004AF527 /* Products */,
			);
			sourceTree = "<group>";
		};
		152FB7AA28588776004AF527 /* Products */ = {
			isa = PBXGroup;
			children = (
				152FB7A928588776004AF527 /* Mp3Player.app */,
			);
			name = Products;
			sourceTree = "<group>";
		};
		152FB7AB28588776004AF527 /* Mp3Player */ = {
			isa = PBXGroup;
			children = (
				152FB7AC28588776004AF527 /* AppDelegate.swift */,
				152FB7AE28588776004AF527 /* SceneDelegate.swift */,
				152FB7B028588776004AF527 /* ViewController.swift */,
				152FB7B228588776004AF527 /* Main.storyboard */,
				152FB7B52858877C004AF527 /* Assets.xcassets */,
				152FB7B72858877C004AF527 /* LaunchScreen.storyboard */,
				152FB7BA2858877C004AF527 /* Info.plist */,
				152FB7C0285888F2004AF527 /* 03 Yellae Lama.mp3 */,
				15FB92912858922200C76258 /* 1-02 Vikram Title Track - MassTamilan.so.mp3 */,
			);
			path = Mp3Player;
			sourceTree = "<group>";
		};
/* End PBXGroup section */

/* Begin PBXNativeTarget section */
		152FB7A828588776004AF527 /* Mp3Player */ = {
			isa = PBXNativeTarget;
			buildConfigurationList = 152FB7BD2858877C004AF527 /* Build configuration list for PBXNativeTarget "Mp3Player" */;
			buildPhases = (
				152FB7A528588776004AF527 /* Sources */,
				152FB7A628588776004AF527 /* Frameworks */,
				152FB7A728588776004AF527 /* Resources */,
			);
			buildRules = (
			);
			dependencies = (
			);
			name = Mp3Player;
			productName = Mp3Player;
			productReference = 152FB7A928588776004AF527 /* Mp3Player.app */;
			productType = "com.apple.product-type.application";
		};
/* End PBXNativeTarget section */

/* Begin PBXProject section */
		152FB7A128588776004AF527 /* Project object */ = {
			isa = PBXProject;
			attributes = {
				BuildIndependentTargetsInParallel = 1;
				LastSwiftUpdateCheck = 1340;
				LastUpgradeCheck = 1340;
				TargetAttributes = {
					152FB7A828588776004AF527 = {
						CreatedOnToolsVersion = 13.4.1;
					};
				};
			};
			buildConfigurationList = 152FB7A428588776004AF527 /* Build configuration list for PBXProject "Mp3Player" */;
			compatibilityVersion = "Xcode 13.0";
			developmentRegion = en;
			hasScannedForEncodings = 0;
			knownRegions = (
				en,
				Base,
			);
			mainGroup = 152FB7A028588776004AF527;
			productRefGroup = 152FB7AA28588776004AF527 /* Products */;
			projectDirPath = "";
			projectRoot = "";
			targets = (
				152FB7A828588776004AF527 /* Mp3Player */,
			);
		};
/* End PBXProject section */

/* Begin PBXResourcesBuildPhase section */
		152FB7A728588776004AF527 /* Resources */ = {
			isa = PBXResourcesBuildPhase;
			buildActionMask = 2147483647;
			files = (
				152FB7B92858877C004AF527 /* LaunchScreen.storyboard in Resources */,
				152FB7B62858877C004AF527 /* Assets.xcassets in Resources */,
				152FB7C1285888F3004AF527 /* 03 Yellae Lama.mp3 in Resources */,
				152FB7B428588776004AF527 /* Main.storyboard in Resources */,
				15FB92922858922200C76258 /* 1-02 Vikram Title Track - MassTamilan.so.mp3 in Resources */,
			);
			runOnlyForDeploymentPostprocessing = 0;
		};
/* End PBXResourcesBuildPhase section */

/* Begin PBXSourcesBuildPhase section */
		152FB7A528588776004AF527 /* Sources */ = {
			isa = PBXSourcesBuildPhase;
			buildActionMask = 2147483647;
			files = (
				152FB7B128588776004AF527 /* ViewController.swift in Sources */,
				152FB7AD28588776004AF527 /* AppDelegate.swift in Sources */,
				152FB7AF28588776004AF527 /* SceneDelegate.swift in Sources */,
			);
			runOnlyForDeploymentPostprocessing = 0;
		};
/* End PBXSourcesBuildPhase section */

/* Begin PBXVariantGroup section */
		152FB7B228588776004AF527 /* Main.storyboard */ = {
			isa = PBXVariantGroup;
			children = (
				152FB7B328588776004AF527 /* Base */,
			);
			name = Main.storyboard;
			sourceTree = "<group>";
		};
		152FB7B72858877C004AF527 /* LaunchScreen.storyboard */ = {
			isa = PBXVariantGroup;
			children = (
				152FB7B82858877C004AF527 /* Base */,
			);
			name = LaunchScreen.storyboard;
			sourceTree = "<group>";
		};
/* End PBXVariantGroup section */

/* Begin XCBuildConfiguration section */
		152FB7BB2858877C004AF527 /* Debug */ = {
			isa = XCBuildConfiguration;
			buildSettings = {
				ALWAYS_SEARCH_USER_PATHS = NO;
				CLANG_ANALYZER_NONNULL = YES;
				CLANG_ANALYZER_NUMBER_OBJECT_CONVERSION = YES_AGGRESSIVE;
				CLANG_CXX_LANGUAGE_STANDARD = "gnu++17";
				CLANG_ENABLE_MODULES = YES;
				CLANG_ENABLE_OBJC_ARC = YES;
				CLANG_ENABLE_OBJC_WEAK = YES;
				CLANG_WARN_BLOCK_CAPTURE_AUTORELEASING = YES;
				CLANG_WARN_BOOL_CONVERSION = YES;
				CLANG_WARN_COMMA = YES;
				CLANG_WARN_CONSTANT_CONVERSION = YES;
				CLANG_WARN_DEPRECATED_OBJC_IMPLEMENTATIONS = YES;
				CLANG_WARN_DIRECT_OBJC_ISA_USAGE = YES_ERROR;
				CLANG_WARN_DOCUMENTATION_COMMENTS = YES;
				CLANG_WARN_EMPTY_BODY = YES;
				CLANG_WARN_ENUM_CONVERSION = YES;
				CLANG_WARN_INFINITE_RECURSION = YES;
				CLANG_WARN_INT_CONVERSION = YES;
				CLANG_WARN_NON_LITERAL_NULL_CONVERSION = YES;
				CLANG_WARN_OBJC_IMPLICIT_RETAIN_SELF = YES;
				CLANG_WARN_OBJC_LITERAL_CONVERSION = YES;
				CLANG_WARN_OBJC_ROOT_CLASS = YES_ERROR;
				CLANG_WARN_QUOTED_INCLUDE_IN_FRAMEWORK_HEADER = YES;
				CLANG_WARN_RANGE_LOOP_ANALYSIS = YES;
				CLANG_WARN_STRICT_PROTOTYPES = YES;
				CLANG_WARN_SUSPICIOUS_MOVE = YES;
				CLANG_WARN_UNGUARDED_AVAILABILITY = YES_AGGRESSIVE;
				CLANG_WARN_UNREACHABLE_CODE = YES;
				CLANG_WARN__DUPLICATE_METHOD_MATCH = YES;
				COPY_PHASE_STRIP = NO;
				DEBUG_INFORMATION_FORMAT = dwarf;
				ENABLE_STRICT_OBJC_MSGSEND = YES;
				ENABLE_TESTABILITY = YES;
				GCC_C_LANGUAGE_STANDARD = gnu11;
				GCC_DYNAMIC_NO_PIC = NO;
				GCC_NO_COMMON_BLOCKS = YES;
				GCC_OPTIMIZATION_LEVEL = 0;
				GCC_PREPROCESSOR_DEFINITIONS = (
					"DEBUG=1",
					"$(inherited)",
				);
				GCC_WARN_64_TO_32_BIT_CONVERSION = YES;
				GCC_WARN_ABOUT_RETURN_TYPE = YES_ERROR;
				GCC_WARN_UNDECLARED_SELECTOR = YES;
				GCC_WARN_UNINITIALIZED_AUTOS = YES_AGGRESSIVE;
				GCC_WARN_UNUSED_FUNCTION = YES;
				GCC_WARN_UNUSED_VARIABLE = YES;
				IPHONEOS_DEPLOYMENT_TARGET = 15.5;
				MTL_ENABLE_DEBUG_INFO = INCLUDE_SOURCE;
				MTL_FAST_MATH = YES;
				ONLY_ACTIVE_ARCH = YES;
				SDKROOT = iphoneos;
				SWIFT_ACTIVE_COMPILATION_CONDITIONS = DEBUG;
				SWIFT_OPTIMIZATION_LEVEL = "-Onone";
			};
			name = Debug;
		};
		152FB7BC2858877C004AF527 /* Release */ = {
			isa = XCBuildConfiguration;
			buildSettings = {
				ALWAYS_SEARCH_USER_PATHS = NO;
				CLANG_ANALYZER_NONNULL = YES;
				CLANG_ANALYZER_NUMBER_OBJECT_CONVERSION = YES_AGGRESSIVE;
				CLANG_CXX_LANGUAGE_STANDARD = "gnu++17";
				CLANG_ENABLE_MODULES = YES;
				CLANG_ENABLE_OBJC_ARC = YES;
				CLANG_ENABLE_OBJC_WEAK = YES;
				CLANG_WARN_BLOCK_CAPTURE_AUTORELEASING = YES;
				CLANG_WARN_BOOL_CONVERSION = YES;
				CLANG_WARN_COMMA = YES;
				CLANG_WARN_CONSTANT_CONVERSION = YES;
				CLANG_WARN_DEPRECATED_OBJC_IMPLEMENTATIONS = YES;
				CLANG_WARN_DIRECT_OBJC_ISA_USAGE = YES_ERROR;
				CLANG_WARN_DOCUMENTATION_COMMENTS = YES;
				CLANG_WARN_EMPTY_BODY = YES;
				CLANG_WARN_ENUM_CONVERSION = YES;
				CLANG_WARN_INFINITE_RECURSION = YES;
				CLANG_WARN_INT_CONVERSION = YES;
				CLANG_WARN_NON_LITERAL_NULL_CONVERSION = YES;
				CLANG_WARN_OBJC_IMPLICIT_RETAIN_SELF = YES;
				CLANG_WARN_OBJC_LITERAL_CONVERSION = YES;
				CLANG_WARN_OBJC_ROOT_CLASS = YES_ERROR;
				CLANG_WARN_QUOTED_INCLUDE_IN_FRAMEWORK_HEADER = YES;
				CLANG_WARN_RANGE_LOOP_ANALYSIS = YES;
				CLANG_WARN_STRICT_PROTOTYPES = YES;
				CLANG_WARN_SUSPICIOUS_MOVE = YES;
				CLANG_WARN_UNGUARDED_AVAILABILITY = YES_AGGRESSIVE;
				CLANG_WARN_UNREACHABLE_CODE = YES;
				CLANG_WARN__DUPLICATE_METHOD_MATCH = YES;
				COPY_PHASE_STRIP = NO;
				DEBUG_INFORMATION_FORMAT = "dwarf-with-dsym";
				ENABLE_NS_ASSERTIONS = NO;
				ENABLE_STRICT_OBJC_MSGSEND = YES;
				GCC_C_LANGUAGE_STANDARD = gnu11;
				GCC_NO_COMMON_BLOCKS = YES;
				GCC_WARN_64_TO_32_BIT_CONVERSION = YES;
				GCC_WARN_ABOUT_RETURN_TYPE = YES_ERROR;
				GCC_WARN_UNDECLARED_SELECTOR = YES;
				GCC_WARN_UNINITIALIZED_AUTOS = YES_AGGRESSIVE;
				GCC_WARN_UNUSED_FUNCTION = YES;
				GCC_WARN_UNUSED_VARIABLE = YES;
				IPHONEOS_DEPLOYMENT_TARGET = 15.5;
				MTL_ENABLE_DEBUG_INFO = NO;
				MTL_FAST_MATH = YES;
				SDKROOT = iphoneos;
				SWIFT_COMPILATION_MODE = wholemodule;
				SWIFT_OPTIMIZATION_LEVEL = "-O";
				VALIDATE_PRODUCT = YES;
			};
			name = Release;
		};
		152FB7BE2858877C004AF527 /* Debug */ = {
			isa = XCBuildConfiguration;
			buildSettings = {
				ASSETCATALOG_COMPILER_APPICON_NAME = AppIcon;
				ASSETCATALOG_COMPILER_GLOBAL_ACCENT_COLOR_NAME = AccentColor;
				CODE_SIGN_STYLE = Automatic;
				CURRENT_PROJECT_VERSION = 1;
				DEVELOPMENT_TEAM = K4K55XNXA6;
				GENERATE_INFOPLIST_FILE = YES;
				INFOPLIST_FILE = Mp3Player/Info.plist;
				INFOPLIST_KEY_UIApplicationSupportsIndirectInputEvents = YES;
				INFOPLIST_KEY_UILaunchStoryboardName = LaunchScreen;
				INFOPLIST_KEY_UIMainStoryboardFile = Main;
				INFOPLIST_KEY_UISupportedInterfaceOrientations_iPad = "UIInterfaceOrientationPortrait UIInterfaceOrientationPortraitUpsideDown UIInterfaceOrientationLandscapeLeft UIInterfaceOrientationLandscapeRight";
				INFOPLIST_KEY_UISupportedInterfaceOrientations_iPhone = "UIInterfaceOrientationPortrait UIInterfaceOrientationLandscapeLeft UIInterfaceOrientationLandscapeRight";
				LD_RUNPATH_SEARCH_PATHS = (
					"$(inherited)",
					"@executable_path/Frameworks",
				);
				MARKETING_VERSION = 1.0;
				PRODUCT_BUNDLE_IDENTIFIER = com.example.Mp3Player;
				PRODUCT_NAME = "$(TARGET_NAME)";
				SWIFT_EMIT_LOC_STRINGS = YES;
				SWIFT_VERSION = 5.0;
				TARGETED_DEVICE_FAMILY = "1,2";
			};
			name = Debug;
		};
		152FB7BF2858877C004AF527 /* Release */ = {
			isa = XCBuildConfiguration;
			buildSettings = {
				ASSETCATALOG_COMPILER_APPICON_NAME = AppIcon;
				ASSETCATALOG_COMPILER_GLOBAL_ACCENT_COLOR_NAME = AccentColor;
				CODE_SIGN_STYLE = Automatic;
				CURRENT_PROJECT_VERSION = 1;
				DEVELOPMENT_TEAM = K4K55XNXA6;
				GENERATE_INFOPLIST_FILE = YES;
				INFOPLIST_FILE = Mp3Player/Info.plist;
				INFOPLIST_KEY_UIApplicationSupportsIndirectInputEvents = YES;
				INFOPLIST_KEY_UILaunchStoryboardName = LaunchScreen;
				INFOPLIST_KEY_UIMainStoryboardFile = Main;
				INFOPLIST_KEY_UISupportedInterfaceOrientations_iPad = "UIInterfaceOrientationPortrait UIInterfaceOrientationPortraitUpsideDown UIInterfaceOrientationLandscapeLeft UIInterfaceOrientationLandscapeRight";
				INFOPLIST_KEY_UISupportedInterfaceOrientations_iPhone = "UIInterfaceOrientationPortrait UIInterfaceOrientationLandscapeLeft UIInterfaceOrientationLandscapeRight";
				LD_RUNPATH_SEARCH_PATHS = (
					"$(inherited)",
					"@executable_path/Frameworks",
				);
				MARKETING_VERSION = 1.0;
				PRODUCT_BUNDLE_IDENTIFIER = com.example.Mp3Player;
				PRODUCT_NAME = "$(TARGET_NAME)";
				SWIFT_EMIT_LOC_STRINGS = YES;
				SWIFT_VERSION = 5.0;
				TARGETED_DEVICE_FAMILY = "1,2";
			};
			name = Release;
		};
/* End XCBuildConfiguration section */

/* Begin XCConfigurationList section */
		152FB7A428588776004AF527 /* Build configuration list for PBXProject "Mp3Player" */ = {
			isa = XCConfigurationList;
			buildConfigurations = (
				152FB7BB2858877C004AF527 /* Debug */,
				152FB7BC2858877C004AF527 /* Release */,
			);
			defaultConfigurationIsVisible = 0;
			defaultConfigurationName = Release;
		};
		152FB7BD2858877C004AF527 /* Build configuration list for PBXNativeTarget "Mp3Player" */ = {
			isa = XCConfigurationList;
			buildConfigurations = (
				152FB7BE2858877C004AF527 /* Debug */,
				152FB7BF2858877C004AF527 /* Release */,
			);
			defaultConfigurationIsVisible = 0;
			defaultConfigurationName = Release;
		};
/* End XCConfigurationList section */
	};
	rootObject = 152FB7A128588776004AF527 /* Project object */;
}
